
Microsoft Visual Studio Solution File, Format Version 12.00
# Visual Studio Version 17
VisualStudioVersion = 17.12.35417.141 d17.12
MinimumVisualStudioVersion = 10.0.40219.1
Project("{FAE04EC0-301F-11D3-BF4B-00C04F79EFBC}") = "BlazingShop", "src\BlazingShop\BlazingShop.csproj", "{49F16CD9-568F-41C0-9A0B-4E438CFD6B5B}"
EndProject
Project("{2150E333-8FDC-42A3-9474-1A3956D46DE8}") = "Solution Items", "Solution Items", "{77855DCB-A2C5-41B2-A93C-C20CCBC2208E}"
	ProjectSection(SolutionItems) = preProject
		.editorconfig = .editorconfig
	EndProjectSection
EndProject
Global
	GlobalSection(SolutionConfigurationPlatforms) = preSolution
		Debug|Any CPU = Debug|Any CPU
		Release|Any CPU = Release|Any CPU
	EndGlobalSection
	GlobalSection(ProjectConfigurationPlatforms) = postSolution
		{49F16CD9-568F-41C0-9A0B-4E438CFD6B5B}.Debug|Any CPU.ActiveCfg = Debug|Any CPU
		{49F16CD9-568F-41C0-9A0B-4E438CFD6B5B}.Debug|Any CPU.Build.0 = Debug|Any CPU
		{49F16CD9-568F-41C0-9A0B-4E438CFD6B5B}.Release|Any CPU.ActiveCfg = Release|Any CPU
		{49F16CD9-568F-41C0-9A0B-4E438CFD6B5B}.Release|Any CPU.Build.0 = Release|Any CPU
	EndGlobalSection
	GlobalSection(SolutionProperties) = preSolution
		HideSolutionNode = FALSE
	EndGlobalSection
EndGlobal
